
Microsoft Visual Studio Solution File, Format Version 12.00
# Visual Studio Version 17
VisualStudioVersion = 17.1.32210.238
MinimumVisualStudioVersion = 10.0.40219.1
Project("{FAE04EC0-301F-11D3-BF4B-00C04F79EFBC}") = "devenxamarin.Android", "devenxamarin\devenxamarin.Android\devenxamarin.Android.csproj", "{06CAF354-7368-4A20-A1E8-72F282AE79DB}"
EndProject
Project("{9A19103F-16F7-4668-BE54-9A1E7A4F7556}") = "devenxamarin", "devenxamarin\devenxamarin\devenxamarin.csproj", "{FB0FE3C2-1D89-42C7-A45F-E1399E270447}"
EndProject
Global
	GlobalSection(SolutionConfigurationPlatforms) = preSolution
		Debug|Any CPU = Debug|Any CPU
		Release|Any CPU = Release|Any CPU
	EndGlobalSection
	GlobalSection(ProjectConfigurationPlatforms) = postSolution
		{06CAF354-7368-4A20-A1E8-72F282AE79DB}.Debug|Any CPU.ActiveCfg = Debug|Any CPU
		{06CAF354-7368-4A20-A1E8-72F282AE79DB}.Debug|Any CPU.Build.0 = Debug|Any CPU
		{06CAF354-7368-4A20-A1E8-72F282AE79DB}.Debug|Any CPU.Deploy.0 = Debug|Any CPU
		{06CAF354-7368-4A20-A1E8-72F282AE79DB}.Release|Any CPU.ActiveCfg = Release|Any CPU
		{06CAF354-7368-4A20-A1E8-72F282AE79DB}.Release|Any CPU.Build.0 = Release|Any CPU
		{06CAF354-7368-4A20-A1E8-72F282AE79DB}.Release|Any CPU.Deploy.0 = Release|Any CPU
		{FB0FE3C2-1D89-42C7-A45F-E1399E270447}.Debug|Any CPU.ActiveCfg = Debug|Any CPU
		{FB0FE3C2-1D89-42C7-A45F-E1399E270447}.Debug|Any CPU.Build.0 = Debug|Any CPU
		{FB0FE3C2-1D89-42C7-A45F-E1399E270447}.Debug|Any CPU.Deploy.0 = Debug|Any CPU
		{FB0FE3C2-1D89-42C7-A45F-E1399E270447}.Release|Any CPU.ActiveCfg = Release|Any CPU
		{FB0FE3C2-1D89-42C7-A45F-E1399E270447}.Release|Any CPU.Build.0 = Release|Any CPU
		{FB0FE3C2-1D89-42C7-A45F-E1399E270447}.Release|Any CPU.Deploy.0 = Release|Any CPU
	EndGlobalSection
	GlobalSection(SolutionProperties) = preSolution
		HideSolutionNode = FALSE
	EndGlobalSection
	GlobalSection(ExtensibilityGlobals) = postSolution
		SolutionGuid = {E17D3BFC-1981-476C-9365-DF749088F431}
	EndGlobalSection
EndGlobal
